{
  "nodes": {
    "astronvim-config": {
      "flake": false,
      "locked": {
        "lastModified": 1765685730,
        "narHash": "sha256-Ln8sZTkIcOALxhW8wvSVqz7tS6JHn/n8zM8Rck9Fy4Q=",
        "owner": "nicklayb",
        "repo": "astronvim",
        "rev": "40296fb0382654187592dfc0cc9b8a488fb0d178",
        "type": "github"
      },
      "original": {
        "owner": "nicklayb",
        "ref": "v5",
        "repo": "astronvim",
        "type": "github"
      }
    },
    "catppuccin": {
      "inputs": {
        "nixpkgs": "nixpkgs"
      },
      "locked": {
        "lastModified": 1764885363,
        "narHash": "sha256-P6UHmw6enwxmP5wP4Lv722+tgpq1PFDAPAdtj7l/16U=",
        "owner": "catppuccin",
        "repo": "nix",
        "rev": "95042630028d613080393e0f03c694b77883c7db",
        "type": "github"
      },
      "original": {
        "owner": "catppuccin",
        "repo": "nix",
        "type": "github"
      }
    },
    "elixir-extensions": {
      "flake": false,
      "locked": {
        "lastModified": 1744383645,
        "narHash": "sha256-RY1MwH9Ev4vEQk2P4Rd30SgtBji1Ha6wXFFvenuF3Wk=",
        "owner": "nicklayb",
        "repo": "ex_tensions",
        "rev": "dc38cea1a3976b3bc32cfd497a30fb04627da4d7",
        "type": "github"
      },
      "original": {
        "owner": "nicklayb",
        "repo": "ex_tensions",
        "type": "github"
      }
    },
    "flake-utils": {
      "inputs": {
        "systems": "systems"
      },
      "locked": {
        "lastModified": 1731533236,
        "narHash": "sha256-l0KFg5HjrsfsO/JpG+r7fRrqm12kzFHyUHqHCVpMMbI=",
        "owner": "numtide",
        "repo": "flake-utils",
        "rev": "11707dc2f618dd54ca8739b309ec4fc024de578b",
        "type": "github"
      },
      "original": {
        "owner": "numtide",
        "repo": "flake-utils",
        "type": "github"
      }
    },
    "home-manager": {
      "inputs": {
        "nixpkgs": [
          "nixpkgs"
        ]
      },
      "locked": {
        "lastModified": 1764866045,
        "narHash": "sha256-0GsEtXV9OquDQ1VclQfP16cU5VZh7NEVIOjSH4UaJuM=",
        "owner": "nix-community",
        "repo": "home-manager",
        "rev": "f63d0fe9d81d36e5fc95497217a72e02b8b7bcab",
        "type": "github"
      },
      "original": {
        "owner": "nix-community",
        "ref": "release-25.11",
        "repo": "home-manager",
        "type": "github"
      }
    },
    "musnix": {
      "inputs": {
        "nixpkgs": "nixpkgs_2"
      },
      "locked": {
        "lastModified": 1764554060,
        "narHash": "sha256-vewrwjGqublgja1bvlIybRnlltKHLNlnP7WYDg+9h1Y=",
        "owner": "musnix",
        "repo": "musnix",
        "rev": "599562080b2901046829ca69e0d1461041d27b32",
        "type": "github"
      },
      "original": {
        "owner": "musnix",
        "repo": "musnix",
        "type": "github"
      }
    },
    "nix-darwin": {
      "inputs": {
        "nixpkgs": [
          "nixpkgs"
        ]
      },
      "locked": {
        "lastModified": 1764161084,
        "narHash": "sha256-HN84sByg9FhJnojkGGDSrcjcbeioFWoNXfuyYfJ1kBE=",
        "owner": "LnL7",
        "repo": "nix-darwin",
        "rev": "e95de00a471d07435e0527ff4db092c84998698e",
        "type": "github"
      },
      "original": {
        "owner": "LnL7",
        "ref": "nix-darwin-25.11",
        "repo": "nix-darwin",
        "type": "github"
      }
    },
    "nix-vscode-extensions": {
      "inputs": {
        "nixpkgs": "nixpkgs_3"
      },
      "locked": {
        "lastModified": 1764813642,
        "narHash": "sha256-z/znqf9lNPFfFcUEh0K1hD+SDWu7E1ZCaMq8iZLhRWY=",
        "owner": "nix-community",
        "repo": "nix-vscode-extensions",
        "rev": "8a8477df6c22e188f61ea011c4654cf1a929fa54",
        "type": "github"
      },
      "original": {
        "owner": "nix-community",
        "repo": "nix-vscode-extensions",
        "type": "github"
      }
    },
    "nixpkgs": {
      "locked": {
        "lastModified": 1763966396,
        "narHash": "sha256-6eeL1YPcY1MV3DDStIDIdy/zZCDKgHdkCmsrLJFiZf0=",
        "owner": "NixOS",
        "repo": "nixpkgs",
        "rev": "5ae3b07d8d6527c42f17c876e404993199144b6a",
        "type": "github"
      },
      "original": {
        "owner": "NixOS",
        "ref": "nixos-unstable",
        "repo": "nixpkgs",
        "type": "github"
      }
    },
    "nixpkgs-unstable": {
      "locked": {
        "lastModified": 1764667669,
        "narHash": "sha256-7WUCZfmqLAssbDqwg9cUDAXrSoXN79eEEq17qhTNM/Y=",
        "owner": "nixos",
        "repo": "nixpkgs",
        "rev": "418468ac9527e799809c900eda37cbff999199b6",
        "type": "github"
      },
      "original": {
        "owner": "nixos",
        "ref": "nixos-unstable",
        "repo": "nixpkgs",
        "type": "github"
      }
    },
    "nixpkgs_2": {
      "locked": {
        "lastModified": 1764242076,
        "narHash": "sha256-sKoIWfnijJ0+9e4wRvIgm/HgE27bzwQxcEmo2J/gNpI=",
        "owner": "NixOS",
        "repo": "nixpkgs",
        "rev": "2fad6eac6077f03fe109c4d4eb171cf96791faa4",
        "type": "github"
      },
      "original": {
        "owner": "NixOS",
        "ref": "nixos-unstable",
        "repo": "nixpkgs",
        "type": "github"
      }
    },
    "nixpkgs_3": {
      "locked": {
        "lastModified": 1759770925,
        "narHash": "sha256-CZwkCtzTNclqlhuwDsVtGoRumTpqCUK0xSnFIMgd8ls=",
        "owner": "nixos",
        "repo": "nixpkgs",
        "rev": "674c2b09c59a220204350ced584cadaacee30038",
        "type": "github"
      },
      "original": {
        "owner": "nixos",
        "repo": "nixpkgs",
        "rev": "674c2b09c59a220204350ced584cadaacee30038",
        "type": "github"
      }
    },
    "nixpkgs_4": {
      "locked": {
        "lastModified": 1764677808,
        "narHash": "sha256-H3lC7knbXOBrHI9hITQ7modLuX20mYJVhZORL5ioms0=",
        "owner": "nixos",
        "repo": "nixpkgs",
        "rev": "1aab89277eb2d87823d5b69bae631a2496cff57a",
        "type": "github"
      },
      "original": {
        "owner": "nixos",
        "ref": "nixos-25.11",
        "repo": "nixpkgs",
        "type": "github"
      }
    },
    "nixpkgs_5": {
      "locked": {
        "lastModified": 1751984180,
        "narHash": "sha256-LwWRsENAZJKUdD3SpLluwDmdXY9F45ZEgCb0X+xgOL0=",
        "owner": "NixOS",
        "repo": "nixpkgs",
        "rev": "9807714d6944a957c2e036f84b0ff8caf9930bc0",
        "type": "github"
      },
      "original": {
        "owner": "NixOS",
        "ref": "nixos-unstable",
        "repo": "nixpkgs",
        "type": "github"
      }
    },
    "nixpkgs_6": {
      "locked": {
        "lastModified": 1744536153,
        "narHash": "sha256-awS2zRgF4uTwrOKwwiJcByDzDOdo3Q1rPZbiHQg/N38=",
        "owner": "NixOS",
        "repo": "nixpkgs",
        "rev": "18dd725c29603f582cf1900e0d25f9f1063dbf11",
        "type": "github"
      },
      "original": {
        "owner": "NixOS",
        "ref": "nixpkgs-unstable",
        "repo": "nixpkgs",
        "type": "github"
      }
    },
    "plexm3u": {
      "inputs": {
        "flake-utils": "flake-utils",
        "nixpkgs": "nixpkgs_5",
        "rust-overlay": "rust-overlay"
      },
      "locked": {
        "lastModified": 1763306055,
        "narHash": "sha256-ZNNT9bRk1v/nqvw3DsH4WjLIahrBexjATM/IiJ1TK8g=",
        "owner": "nicklayb",
        "repo": "plexm3u",
        "rev": "7d8e8b8523d7bf5e98c5d08ef1fa8d0ea5e9ff9e",
        "type": "github"
      },
      "original": {
        "owner": "nicklayb",
        "repo": "plexm3u",
        "type": "github"
      }
    },
    "root": {
      "inputs": {
        "astronvim-config": "astronvim-config",
        "catppuccin": "catppuccin",
        "elixir-extensions": "elixir-extensions",
        "home-manager": "home-manager",
        "musnix": "musnix",
        "nix-darwin": "nix-darwin",
        "nix-vscode-extensions": "nix-vscode-extensions",
        "nixpkgs": "nixpkgs_4",
        "nixpkgs-unstable": "nixpkgs-unstable",
        "plexm3u": "plexm3u",
        "zen-browser": "zen-browser"
      }
    },
    "rust-overlay": {
      "inputs": {
        "nixpkgs": "nixpkgs_6"
      },
      "locked": {
        "lastModified": 1752288212,
        "narHash": "sha256-f2PMqtf61mWAM11QoIfGv3hjD2AsJrij4FCzftepuaE=",
        "owner": "oxalica",
        "repo": "rust-overlay",
        "rev": "678296525a4cce249c608749b171d0b2ceb8b2ff",
        "type": "github"
      },
      "original": {
        "owner": "oxalica",
        "repo": "rust-overlay",
        "type": "github"
      }
    },
    "systems": {
      "locked": {
        "lastModified": 1681028828,
        "narHash": "sha256-Vy1rq5AaRuLzOxct8nz4T6wlgyUR7zLU309k9mBC768=",
        "owner": "nix-systems",
        "repo": "default",
        "rev": "da67096a3b9bf56a91d16901293e51ba5b49a27e",
        "type": "github"
      },
      "original": {
        "owner": "nix-systems",
        "repo": "default",
        "type": "github"
      }
    },
    "zen-browser": {
      "inputs": {
        "home-manager": [
          "home-manager"
        ],
        "nixpkgs": [
          "nixpkgs"
        ]
      },
      "locked": {
        "lastModified": 1764825646,
        "narHash": "sha256-QkKEkj3GXpkPxJz9S1RgaMlxstkyaj5IKVWvxIbtC8w=",
        "owner": "0xc000022070",
        "repo": "zen-browser-flake",
        "rev": "8c9284cc227a5c7cd8f1e1fa7a6882b0907187c8",
        "type": "github"
      },
      "original": {
        "owner": "0xc000022070",
        "repo": "zen-browser-flake",
        "type": "github"
      }
    }
  },
  "root": "root",
  "version": 7
}
